// !$*UTF8*$!
{
	archiveVersion = 1;
	classes = {
	};
	objectVersion = 46;
	objects = {

/* Begin PBXBuildFile section */
		AE9BC64A18B4FFB900E1D62B /* Foundation.framework in Frameworks */ = {isa = PBXBuildFile; fileRef = AE9BC64918B4FFB900E1D62B /* Foundation.framework */; };
		AE9BC64C18B4FFB900E1D62B /* CoreGraphics.framework in Frameworks */ = {isa = PBXBuildFile; fileRef = AE9BC64B18B4FFB900E1D62B /* CoreGraphics.framework */; };
		AE9BC64E18B4FFB900E1D62B /* UIKit.framework in Frameworks */ = {isa = PBXBuildFile; fileRef = AE9BC64D18B4FFB900E1D62B /* UIKit.framework */; };
		AE9BC65418B4FFB900E1D62B /* InfoPlist.strings in Resources */ = {isa = PBXBuildFile; fileRef = AE9BC65218B4FFB900E1D62B /* InfoPlist.strings */; };
		AE9BC65618B4FFB900E1D62B /* main.m in Sources */ = {isa = PBXBuildFile; fileRef = AE9BC65518B4FFB900E1D62B /* main.m */; };
		AE9BC65A18B4FFB900E1D62B /* AppDelegate.m in Sources */ = {isa = PBXBuildFile; fileRef = AE9BC65918B4FFB900E1D62B /* AppDelegate.m */; };
		AE9BC65D18B4FFB900E1D62B /* Main.storyboard in Resources */ = {isa = PBXBuildFile; fileRef = AE9BC65B18B4FFB900E1D62B /* Main.storyboard */; };
		AE9BC66018B4FFB900E1D62B /* ViewController.m in Sources */ = {isa = PBXBuildFile; fileRef = AE9BC65F18B4FFB900E1D62B /* ViewController.m */; };
		AE9BC66218B4FFB900E1D62B /* Images.xcassets in Resources */ = {isa = PBXBuildFile; fileRef = AE9BC66118B4FFB900E1D62B /* Images.xcassets */; };
		AE9BC66918B4FFB900E1D62B /* XCTest.framework in Frameworks */ = {isa = PBXBuildFile; fileRef = AE9BC66818B4FFB900E1D62B /* XCTest.framework */; };
		AE9BC66A18B4FFB900E1D62B /* Foundation.framework in Frameworks */ = {isa = PBXBuildFile; fileRef = AE9BC64918B4FFB900E1D62B /* Foundation.framework */; };
		AE9BC66B18B4FFB900E1D62B /* UIKit.framework in Frameworks */ = {isa = PBXBuildFile; fileRef = AE9BC64D18B4FFB900E1D62B /* UIKit.framework */; };
		AE9BC67318B4FFB900E1D62B /* InfoPlist.strings in Resources */ = {isa = PBXBuildFile; fileRef = AE9BC67118B4FFB900E1D62B /* InfoPlist.strings */; };
		AE9BC67518B4FFB900E1D62B /* vimTipsForiOSTests.m in Sources */ = {isa = PBXBuildFile; fileRef = AE9BC67418B4FFB900E1D62B /* vimTipsForiOSTests.m */; };
/* End PBXBuildFile section */

/* Begin PBXContainerItemProxy section */
		AE9BC66C18B4FFB900E1D62B /* PBXContainerItemProxy */ = {
			isa = PBXContainerItemProxy;
			containerPortal = AE9BC63E18B4FFB900E1D62B /* Project object */;
			proxyType = 1;
			remoteGlobalIDString = AE9BC64518B4FFB900E1D62B;
			remoteInfo = vimTipsForiOS;
		};
/* End PBXContainerItemProxy section */

/* Begin PBXFileReference section */
		AE9BC64618B4FFB900E1D62B /* vimTipsForiOS.app */ = {isa = PBXFileReference; explicitFileType = wrapper.application; includeInIndex = 0; path = vimTipsForiOS.app; sourceTree = BUILT_PRODUCTS_DIR; };
		AE9BC64918B4FFB900E1D62B /* Foundation.framework */ = {isa = PBXFileReference; lastKnownFileType = wrapper.framework; name = Foundation.framework; path = System/Library/Frameworks/Foundation.framework; sourceTree = SDKROOT; };
		AE9BC64B18B4FFB900E1D62B /* CoreGraphics.framework */ = {isa = PBXFileReference; lastKnownFileType = wrapper.framework; name = CoreGraphics.framework; path = System/Library/Frameworks/CoreGraphics.framework; sourceTree = SDKROOT; };
		AE9BC64D18B4FFB900E1D62B /* UIKit.framework */ = {isa = PBXFileReference; lastKnownFileType = wrapper.framework; name = UIKit.framework; path = System/Library/Frameworks/UIKit.framework; sourceTree = SDKROOT; };
		AE9BC65118B4FFB900E1D62B /* vimTipsForiOS-Info.plist */ = {isa = PBXFileReference; lastKnownFileType = text.plist.xml; path = "vimTipsForiOS-Info.plist"; sourceTree = "<group>"; };
		AE9BC65318B4FFB900E1D62B /* en */ = {isa = PBXFileReference; lastKnownFileType = text.plist.strings; name = en; path = en.lproj/InfoPlist.strings; sourceTree = "<group>"; };
		AE9BC65518B4FFB900E1D62B /* main.m */ = {isa = PBXFileReference; lastKnownFileType = sourcecode.c.objc; path = main.m; sourceTree = "<group>"; };
		AE9BC65718B4FFB900E1D62B /* vimTipsForiOS-Prefix.pch */ = {isa = PBXFileReference; lastKnownFileType = sourcecode.c.h; path = "vimTipsForiOS-Prefix.pch"; sourceTree = "<group>"; };
		AE9BC65818B4FFB900E1D62B /* AppDelegate.h */ = {isa = PBXFileReference; lastKnownFileType = sourcecode.c.h; path = AppDelegate.h; sourceTree = "<group>"; };
		AE9BC65918B4FFB900E1D62B /* AppDelegate.m */ = {isa = PBXFileReference; lastKnownFileType = sourcecode.c.objc; path = AppDelegate.m; sourceTree = "<group>"; };
		AE9BC65C18B4FFB900E1D62B /* Base */ = {isa = PBXFileReference; lastKnownFileType = file.storyboard; name = Base; path = Base.lproj/Main.storyboard; sourceTree = "<group>"; };
		AE9BC65E18B4FFB900E1D62B /* ViewController.h */ = {isa = PBXFileReference; lastKnownFileType = sourcecode.c.h; path = ViewController.h; sourceTree = "<group>"; };
		AE9BC65F18B4FFB900E1D62B /* ViewController.m */ = {isa = PBXFileReference; lastKnownFileType = sourcecode.c.objc; path = ViewController.m; sourceTree = "<group>"; };
		AE9BC66118B4FFB900E1D62B /* Images.xcassets */ = {isa = PBXFileReference; lastKnownFileType = folder.assetcatalog; path = Images.xcassets; sourceTree = "<group>"; };
		AE9BC66718B4FFB900E1D62B /* vimTipsForiOSTests.xctest */ = {isa = PBXFileReference; explicitFileType = wrapper.cfbundle; includeInIndex = 0; path = vimTipsForiOSTests.xctest; sourceTree = BUILT_PRODUCTS_DIR; };
		AE9BC66818B4FFB900E1D62B /* XCTest.framework */ = {isa = PBXFileReference; lastKnownFileType = wrapper.framework; name = XCTest.framework; path = Library/Frameworks/XCTest.framework; sourceTree = DEVELOPER_DIR; };
		AE9BC67018B4FFB900E1D62B /* vimTipsForiOSTests-Info.plist */ = {isa = PBXFileReference; lastKnownFileType = text.plist.xml; path = "vimTipsForiOSTests-Info.plist"; sourceTree = "<group>"; };
		AE9BC67218B4FFB900E1D62B /* en */ = {isa = PBXFileReference; lastKnownFileType = text.plist.strings; name = en; path = en.lproj/InfoPlist.strings; sourceTree = "<group>"; };
		AE9BC67418B4FFB900E1D62B /* vimTipsForiOSTests.m */ = {isa = PBXFileReference; lastKnownFileType = sourcecode.c.objc; path = vimTipsForiOSTests.m; sourceTree = "<group>"; };
/* End PBXFileReference section */

/* Begin PBXFrameworksBuildPhase section */
		AE9BC64318B4FFB900E1D62B /* Frameworks */ = {
			isa = PBXFrameworksBuildPhase;
			buildActionMask = 2147483647;
			files = (
				AE9BC64C18B4FFB900E1D62B /* CoreGraphics.framework in Frameworks */,
				AE9BC64E18B4FFB900E1D62B /* UIKit.framework in Frameworks */,
				AE9BC64A18B4FFB900E1D62B /* Foundation.framework in Frameworks */,
			);
			runOnlyForDeploymentPostprocessing = 0;
		};
		AE9BC66418B4FFB900E1D62B /* Frameworks */ = {
			isa = PBXFrameworksBuildPhase;
			buildActionMask = 2147483647;
			files = (
				AE9BC66918B4FFB900E1D62B /* XCTest.framework in Frameworks */,
				AE9BC66B18B4FFB900E1D62B /* UIKit.framework in Frameworks */,
				AE9BC66A18B4FFB900E1D62B /* Foundation.framework in Frameworks */,
			);
			runOnlyForDeploymentPostprocessing = 0;
		};
/* End PBXFrameworksBuildPhase section */

/* Begin PBXGroup section */
		AE9BC63D18B4FFB900E1D62B = {
			isa = PBXGroup;
			children = (
				AE9BC64F18B4FFB900E1D62B /* vimTipsForiOS */,
				AE9BC66E18B4FFB900E1D62B /* vimTipsForiOSTests */,
				AE9BC64818B4FFB900E1D62B /* Frameworks */,
				AE9BC64718B4FFB900E1D62B /* Products */,
			);
			sourceTree = "<group>";
		};
		AE9BC64718B4FFB900E1D62B /* Products */ = {
			isa = PBXGroup;
			children = (
				AE9BC64618B4FFB900E1D62B /* vimTipsForiOS.app */,
				AE9BC66718B4FFB900E1D62B /* vimTipsForiOSTests.xctest */,
			);
			name = Products;
			sourceTree = "<group>";
		};
		AE9BC64818B4FFB900E1D62B /* Frameworks */ = {
			isa = PBXGroup;
			children = (
				AE9BC64918B4FFB900E1D62B /* Foundation.framework */,
				AE9BC64B18B4FFB900E1D62B /* CoreGraphics.framework */,
				AE9BC64D18B4FFB900E1D62B /* UIKit.framework */,
				AE9BC66818B4FFB900E1D62B /* XCTest.framework */,
			);
			name = Frameworks;
			sourceTree = "<group>";
		};
		AE9BC64F18B4FFB900E1D62B /* vimTipsForiOS */ = {
			isa = PBXGroup;
			children = (
				AE9BC65818B4FFB900E1D62B /* AppDelegate.h */,
				AE9BC65918B4FFB900E1D62B /* AppDelegate.m */,
				AE9BC65B18B4FFB900E1D62B /* Main.storyboard */,
				AE9BC65E18B4FFB900E1D62B /* ViewController.h */,
				AE9BC65F18B4FFB900E1D62B /* ViewController.m */,
				AE9BC66118B4FFB900E1D62B /* Images.xcassets */,
				AE9BC65018B4FFB900E1D62B /* Supporting Files */,
			);
			path = vimTipsForiOS;
			sourceTree = "<group>";
		};
		AE9BC65018B4FFB900E1D62B /* Supporting Files */ = {
			isa = PBXGroup;
			children = (
				AE9BC65118B4FFB900E1D62B /* vimTipsForiOS-Info.plist */,
				AE9BC65218B4FFB900E1D62B /* InfoPlist.strings */,
				AE9BC65518B4FFB900E1D62B /* main.m */,
				AE9BC65718B4FFB900E1D62B /* vimTipsForiOS-Prefix.pch */,
			);
			name = "Supporting Files";
			sourceTree = "<group>";
		};
		AE9BC66E18B4FFB900E1D62B /* vimTipsForiOSTests */ = {
			isa = PBXGroup;
			children = (
				AE9BC67418B4FFB900E1D62B /* vimTipsForiOSTests.m */,
				AE9BC66F18B4FFB900E1D62B /* Supporting Files */,
			);
			path = vimTipsForiOSTests;
			sourceTree = "<group>";
		};
		AE9BC66F18B4FFB900E1D62B /* Supporting Files */ = {
			isa = PBXGroup;
			children = (
				AE9BC67018B4FFB900E1D62B /* vimTipsForiOSTests-Info.plist */,
				AE9BC67118B4FFB900E1D62B /* InfoPlist.strings */,
			);
			name = "Supporting Files";
			sourceTree = "<group>";
		};
/* End PBXGroup section */

/* Begin PBXNativeTarget section */
		AE9BC64518B4FFB900E1D62B /* vimTipsForiOS */ = {
			isa = PBXNativeTarget;
			buildConfigurationList = AE9BC67818B4FFBA00E1D62B /* Build configuration list for PBXNativeTarget "vimTipsForiOS" */;
			buildPhases = (
				AE9BC64218B4FFB900E1D62B /* Sources */,
				AE9BC64318B4FFB900E1D62B /* Frameworks */,
				AE9BC64418B4FFB900E1D62B /* Resources */,
			);
			buildRules = (
			);
			dependencies = (
			);
			name = vimTipsForiOS;
			productName = vimTipsForiOS;
			productReference = AE9BC64618B4FFB900E1D62B /* vimTipsForiOS.app */;
			productType = "com.apple.product-type.application";
		};
		AE9BC66618B4FFB900E1D62B /* vimTipsForiOSTests */ = {
			isa = PBXNativeTarget;
			buildConfigurationList = AE9BC67B18B4FFBA00E1D62B /* Build configuration list for PBXNativeTarget "vimTipsForiOSTests" */;
			buildPhases = (
				AE9BC66318B4FFB900E1D62B /* Sources */,
				AE9BC66418B4FFB900E1D62B /* Frameworks */,
				AE9BC66518B4FFB900E1D62B /* Resources */,
			);
			buildRules = (
			);
			dependencies = (
				AE9BC66D18B4FFB900E1D62B /* PBXTargetDependency */,
			);
			name = vimTipsForiOSTests;
			productName = vimTipsForiOSTests;
			productReference = AE9BC66718B4FFB900E1D62B /* vimTipsForiOSTests.xctest */;
			productType = "com.apple.product-type.bundle.unit-test";
		};
/* End PBXNativeTarget section */

/* Begin PBXProject section */
		AE9BC63E18B4FFB900E1D62B /* Project object */ = {
			isa = PBXProject;
			attributes = {
				LastUpgradeCheck = 0500;
				ORGANIZATIONNAME = "Xing Lin";
				TargetAttributes = {
					AE9BC66618B4FFB900E1D62B = {
						TestTargetID = AE9BC64518B4FFB900E1D62B;
					};
				};
			};
			buildConfigurationList = AE9BC64118B4FFB900E1D62B /* Build configuration list for PBXProject "vimTipsForiOS" */;
			compatibilityVersion = "Xcode 3.2";
			developmentRegion = English;
			hasScannedForEncodings = 0;
			knownRegions = (
				en,
				Base,
			);
			mainGroup = AE9BC63D18B4FFB900E1D62B;
			productRefGroup = AE9BC64718B4FFB900E1D62B /* Products */;
			projectDirPath = "";
			projectRoot = "";
			targets = (
				AE9BC64518B4FFB900E1D62B /* vimTipsForiOS */,
				AE9BC66618B4FFB900E1D62B /* vimTipsForiOSTests */,
			);
		};
/* End PBXProject section */

/* Begin PBXResourcesBuildPhase section */
		AE9BC64418B4FFB900E1D62B /* Resources */ = {
			isa = PBXResourcesBuildPhase;
			buildActionMask = 2147483647;
			files = (
				AE9BC66218B4FFB900E1D62B /* Images.xcassets in Resources */,
				AE9BC65418B4FFB900E1D62B /* InfoPlist.strings in Resources */,
				AE9BC65D18B4FFB900E1D62B /* Main.storyboard in Resources */,
			);
			runOnlyForDeploymentPostprocessing = 0;
		};
		AE9BC66518B4FFB900E1D62B /* Resources */ = {
			isa = PBXResourcesBuildPhase;
			buildActionMask = 2147483647;
			files = (
				AE9BC67318B4FFB900E1D62B /* InfoPlist.strings in Resources */,
			);
			runOnlyForDeploymentPostprocessing = 0;
		};
/* End PBXResourcesBuildPhase section */

/* Begin PBXSourcesBuildPhase section */
		AE9BC64218B4FFB900E1D62B /* Sources */ = {
			isa = PBXSourcesBuildPhase;
			buildActionMask = 2147483647;
			files = (
				AE9BC66018B4FFB900E1D62B /* ViewController.m in Sources */,
				AE9BC65A18B4FFB900E1D62B /* AppDelegate.m in Sources */,
				AE9BC65618B4FFB900E1D62B /* main.m in Sources */,
			);
			runOnlyForDeploymentPostprocessing = 0;
		};
		AE9BC66318B4FFB900E1D62B /* Sources */ = {
			isa = PBXSourcesBuildPhase;
			buildActionMask = 2147483647;
			files = (
				AE9BC67518B4FFB900E1D62B /* vimTipsForiOSTests.m in Sources */,
			);
			runOnlyForDeploymentPostprocessing = 0;
		};
/* End PBXSourcesBuildPhase section */

/* Begin PBXTargetDependency section */
		AE9BC66D18B4FFB900E1D62B /* PBXTargetDependency */ = {
			isa = PBXTargetDependency;
			target = AE9BC64518B4FFB900E1D62B /* vimTipsForiOS */;
			targetProxy = AE9BC66C18B4FFB900E1D62B /* PBXContainerItemProxy */;
		};
/* End PBXTargetDependency section */

/* Begin PBXVariantGroup section */
		AE9BC65218B4FFB900E1D62B /* InfoPlist.strings */ = {
			isa = PBXVariantGroup;
			children = (
				AE9BC65318B4FFB900E1D62B /* en */,
			);
			name = InfoPlist.strings;
			sourceTree = "<group>";
		};
		AE9BC65B18B4FFB900E1D62B /* Main.storyboard */ = {
			isa = PBXVariantGroup;
			children = (
				AE9BC65C18B4FFB900E1D62B /* Base */,
			);
			name = Main.storyboard;
			sourceTree = "<group>";
		};
		AE9BC67118B4FFB900E1D62B /* InfoPlist.strings */ = {
			isa = PBXVariantGroup;
			children = (
				AE9BC67218B4FFB900E1D62B /* en */,
			);
			name = InfoPlist.strings;
			sourceTree = "<group>";
		};
/* End PBXVariantGroup section */

/* Begin XCBuildConfiguration section */
		AE9BC67618B4FFBA00E1D62B /* Debug */ = {
			isa = XCBuildConfiguration;
			buildSettings = {
				ALWAYS_SEARCH_USER_PATHS = NO;
				ARCHS = "$(ARCHS_STANDARD_INCLUDING_64_BIT)";
				CLANG_CXX_LANGUAGE_STANDARD = "gnu++0x";
				CLANG_CXX_LIBRARY = "libc++";
				CLANG_ENABLE_MODULES = YES;
				CLANG_ENABLE_OBJC_ARC = YES;
				CLANG_WARN_BOOL_CONVERSION = YES;
				CLANG_WARN_CONSTANT_CONVERSION = YES;
				CLANG_WARN_DIRECT_OBJC_ISA_USAGE = YES_ERROR;
				CLANG_WARN_EMPTY_BODY = YES;
				CLANG_WARN_ENUM_CONVERSION = YES;
				CLANG_WARN_INT_CONVERSION = YES;
				CLANG_WARN_OBJC_ROOT_CLASS = YES_ERROR;
				CLANG_WARN__DUPLICATE_METHOD_MATCH = YES;
				"CODE_SIGN_IDENTITY[sdk=iphoneos*]" = "iPhone Developer";
				COPY_PHASE_STRIP = NO;
				GCC_C_LANGUAGE_STANDARD = gnu99;
				GCC_DYNAMIC_NO_PIC = NO;
				GCC_OPTIMIZATION_LEVEL = 0;
				GCC_PREPROCESSOR_DEFINITIONS = (
					"DEBUG=1",
					"$(inherited)",
				);
				GCC_SYMBOLS_PRIVATE_EXTERN = NO;
				GCC_WARN_64_TO_32_BIT_CONVERSION = YES;
				GCC_WARN_ABOUT_RETURN_TYPE = YES_ERROR;
				GCC_WARN_UNDECLARED_SELECTOR = YES;
				GCC_WARN_UNINITIALIZED_AUTOS = YES;
				GCC_WARN_UNUSED_FUNCTION = YES;
				GCC_WARN_UNUSED_VARIABLE = YES;
				IPHONEOS_DEPLOYMENT_TARGET = 7.0;
				ONLY_ACTIVE_ARCH = YES;
				SDKROOT = iphoneos;
			};
			name = Debug;
		};
		AE9BC67718B4FFBA00E1D62B /* Release */ = {
			isa = XCBuildConfiguration;
			buildSettings = {
				ALWAYS_SEARCH_USER_PATHS = NO;
				ARCHS = "$(ARCHS_STANDARD_INCLUDING_64_BIT)";
				CLANG_CXX_LANGUAGE_STANDARD = "gnu++0x";
				CLANG_CXX_LIBRARY = "libc++";
				CLANG_ENABLE_MODULES = YES;
				CLANG_ENABLE_OBJC_ARC = YES;
				CLANG_WARN_BOOL_CONVERSION = YES;
				CLANG_WARN_CONSTANT_CONVERSION = YES;
				CLANG_WARN_DIRECT_OBJC_ISA_USAGE = YES_ERROR;
				CLANG_WARN_EMPTY_BODY = YES;
				CLANG_WARN_ENUM_CONVERSION = YES;
				CLANG_WARN_INT_CONVERSION = YES;
				CLANG_WARN_OBJC_ROOT_CLASS = YES_ERROR;
				CLANG_WARN__DUPLICATE_METHOD_MATCH = YES;
				"CODE_SIGN_IDENTITY[sdk=iphoneos*]" = "iPhone Developer";
				COPY_PHASE_STRIP = YES;
				ENABLE_NS_ASSERTIONS = NO;
				GCC_C_LANGUAGE_STANDARD = gnu99;
				GCC_WARN_64_TO_32_BIT_CONVERSION = YES;
				GCC_WARN_ABOUT_RETURN_TYPE = YES_ERROR;
				GCC_WARN_UNDECLARED_SELECTOR = YES;
				GCC_WARN_UNINITIALIZED_AUTOS = YES;
				GCC_WARN_UNUSED_FUNCTION = YES;
				GCC_WARN_UNUSED_VARIABLE = YES;
				IPHONEOS_DEPLOYMENT_TARGET = 7.0;
				SDKROOT = iphoneos;
				VALIDATE_PRODUCT = YES;
			};
			name = Release;
		};
		AE9BC67918B4FFBA00E1D62B /* Debug */ = {
			isa = XCBuildConfiguration;
			buildSettings = {
				ASSETCATALOG_COMPILER_APPICON_NAME = AppIcon;
				ASSETCATALOG_COMPILER_LAUNCHIMAGE_NAME = LaunchImage;
				GCC_PRECOMPILE_PREFIX_HEADER = YES;
				GCC_PREFIX_HEADER = "vimTipsForiOS/vimTipsForiOS-Prefix.pch";
				INFOPLIST_FILE = "vimTipsForiOS/vimTipsForiOS-Info.plist";
				PRODUCT_NAME = "$(TARGET_NAME)";
				WRAPPER_EXTENSION = app;
			};
			name = Debug;
		};
		AE9BC67A18B4FFBA00E1D62B /* Release */ = {
			isa = XCBuildConfiguration;
			buildSettings = {
				ASSETCATALOG_COMPILER_APPICON_NAME = AppIcon;
				ASSETCATALOG_COMPILER_LAUNCHIMAGE_NAME = LaunchImage;
				GCC_PRECOMPILE_PREFIX_HEADER = YES;
				GCC_PREFIX_HEADER = "vimTipsForiOS/vimTipsForiOS-Prefix.pch";
				INFOPLIST_FILE = "vimTipsForiOS/vimTipsForiOS-Info.plist";
				PRODUCT_NAME = "$(TARGET_NAME)";
				WRAPPER_EXTENSION = app;
			};
			name = Release;
		};
		AE9BC67C18B4FFBA00E1D62B /* Debug */ = {
			isa = XCBuildConfiguration;
			buildSettings = {
				ARCHS = "$(ARCHS_STANDARD_INCLUDING_64_BIT)";
				BUNDLE_LOADER = "$(BUILT_PRODUCTS_DIR)/vimTipsForiOS.app/vimTipsForiOS";
				FRAMEWORK_SEARCH_PATHS = (
					"$(SDKROOT)/Developer/Library/Frameworks",
					"$(inherited)",
					"$(DEVELOPER_FRAMEWORKS_DIR)",
				);
				GCC_PRECOMPILE_PREFIX_HEADER = YES;
				GCC_PREFIX_HEADER = "vimTipsForiOS/vimTipsForiOS-Prefix.pch";
				GCC_PREPROCESSOR_DEFINITIONS = (
					"DEBUG=1",
					"$(inherited)",
				);
				INFOPLIST_FILE = "vimTipsForiOSTests/vimTipsForiOSTests-Info.plist";
				PRODUCT_NAME = "$(TARGET_NAME)";
				TEST_HOST = "$(BUNDLE_LOADER)";
				WRAPPER_EXTENSION = xctest;
			};
			name = Debug;
		};
		AE9BC67D18B4FFBA00E1D62B /* Release */ = {
			isa = XCBuildConfiguration;
			buildSettings = {
				ARCHS = "$(ARCHS_STANDARD_INCLUDING_64_BIT)";
				BUNDLE_LOADER = "$(BUILT_PRODUCTS_DIR)/vimTipsForiOS.app/vimTipsForiOS";
				FRAMEWORK_SEARCH_PATHS = (
					"$(SDKROOT)/Developer/Library/Frameworks",
					"$(inherited)",
					"$(DEVELOPER_FRAMEWORKS_DIR)",
				);
				GCC_PRECOMPILE_PREFIX_HEADER = YES;
				GCC_PREFIX_HEADER = "vimTipsForiOS/vimTipsForiOS-Prefix.pch";
				INFOPLIST_FILE = "vimTipsForiOSTests/vimTipsForiOSTests-Info.plist";
				PRODUCT_NAME = "$(TARGET_NAME)";
				TEST_HOST = "$(BUNDLE_LOADER)";
				WRAPPER_EXTENSION = xctest;
			};
			name = Release;
		};
/* End XCBuildConfiguration section */

/* Begin XCConfigurationList section */
		AE9BC64118B4FFB900E1D62B /* Build configuration list for PBXProject "vimTipsForiOS" */ = {
			isa = XCConfigurationList;
			buildConfigurations = (
				AE9BC67618B4FFBA00E1D62B /* Debug */,
				AE9BC67718B4FFBA00E1D62B /* Release */,
			);
			defaultConfigurationIsVisible = 0;
			defaultConfigurationName = Release;
		};
		AE9BC67818B4FFBA00E1D62B /* Build configuration list for PBXNativeTarget "vimTipsForiOS" */ = {
			isa = XCConfigurationList;
			buildConfigurations = (
				AE9BC67918B4FFBA00E1D62B /* Debug */,
				AE9BC67A18B4FFBA00E1D62B /* Release */,
			);
			defaultConfigurationIsVisible = 0;
		};
		AE9BC67B18B4FFBA00E1D62B /* Build configuration list for PBXNativeTarget "vimTipsForiOSTests" */ = {
			isa = XCConfigurationList;
			buildConfigurations = (
				AE9BC67C18B4FFBA00E1D62B /* Debug */,
				AE9BC67D18B4FFBA00E1D62B /* Release */,
			);
			defaultConfigurationIsVisible = 0;
		};
/* End XCConfigurationList section */
	};
	rootObject = AE9BC63E18B4FFB900E1D62B /* Project object */;
}
